
Microsoft Visual Studio Solution File, Format Version 12.00
# Visual Studio Version 16
VisualStudioVersion = 16.0.31205.134
MinimumVisualStudioVersion = 10.0.40219.1
Project("{FAE04EC0-301F-11D3-BF4B-00C04F79EFBC}") = "BBG", "BBG\BBG.csproj", "{46E58F0A-3E71-4EC1-8131-2477F3BD7E83}"
EndProject
Global
	GlobalSection(SolutionConfigurationPlatforms) = preSolution
		Debug|Any CPU = Debug|Any CPU
		Release|Any CPU = Release|Any CPU
	EndGlobalSection
	GlobalSection(ProjectConfigurationPlatforms) = postSolution
		{46E58F0A-3E71-4EC1-8131-2477F3BD7E83}.Debug|Any CPU.ActiveCfg = Debug|Any CPU
		{46E58F0A-3E71-4EC1-8131-2477F3BD7E83}.Debug|Any CPU.Build.0 = Debug|Any CPU
		{46E58F0A-3E71-4EC1-8131-2477F3BD7E83}.Release|Any CPU.ActiveCfg = Release|Any CPU
		{46E58F0A-3E71-4EC1-8131-2477F3BD7E83}.Release|Any CPU.Build.0 = Release|Any CPU
	EndGlobalSection
	GlobalSection(SolutionProperties) = preSolution
		HideSolutionNode = FALSE
	EndGlobalSection
	GlobalSection(ExtensibilityGlobals) = postSolution
		SolutionGuid = {49FAC4A0-3D96-4D8A-A4B1-C28797BC963F}
	EndGlobalSection
EndGlobal
